
Microsoft Visual Studio Solution File, Format Version 12.00
# Visual Studio Version 17
VisualStudioVersion = 17.3.32929.385
MinimumVisualStudioVersion = 10.0.40219.1
Project("{9A19103F-16F7-4668-BE54-9A1E7A4F7556}") = "ADO.NET Intro", "ADO.NET Intro\ADO.NET Intro.csproj", "{818E9F8F-5394-4566-A839-AFC7A64BCBEF}"
EndProject
Project("{2150E333-8FDC-42A3-9474-1A3956D46DE8}") = "ADO_Entity", "ADO_Entity", "{526E77D4-54BC-4AAF-B4D0-0C0F7EA22B0C}"
EndProject
Project("{2150E333-8FDC-42A3-9474-1A3956D46DE8}") = "Lesson 1", "Lesson 1", "{5559B232-DA00-4651-9D86-65DDD56B5226}"
EndProject
Project("{9A19103F-16F7-4668-BE54-9A1E7A4F7556}") = "DataReadingAdo", "DataReadingAdo\DataReadingAdo.csproj", "{B5A9F6D6-48A6-46F1-85A3-E316BB6F87FE}"
EndProject
Project("{2150E333-8FDC-42A3-9474-1A3956D46DE8}") = "Lesson 2", "Lesson 2", "{BF57C258-7F50-4660-A247-9F34CEDAE0AF}"
EndProject
Project("{9A19103F-16F7-4668-BE54-9A1E7A4F7556}") = "Indexer", "Indexer\Indexer.csproj", "{3ED9230E-79E8-479C-A39A-CECC78533B8F}"
EndProject
Project("{9A19103F-16F7-4668-BE54-9A1E7A4F7556}") = "Data_table", "Data_table\Data_table.csproj", "{D12D1F7C-4673-4430-A685-90FC785BF370}"
EndProject
Project("{9A19103F-16F7-4668-BE54-9A1E7A4F7556}") = "Paramtrized", "Paramtrized\Paramtrized.csproj", "{7305EB84-727C-4CAE-BFD8-ED49FA1B8F10}"
EndProject
Project("{2150E333-8FDC-42A3-9474-1A3956D46DE8}") = "Lesson 3", "Lesson 3", "{5A472C79-9CCD-4370-B730-BB9DDA6BDCED}"
EndProject
Project("{9A19103F-16F7-4668-BE54-9A1E7A4F7556}") = "Stored_procedure", "Stored_procedure\Stored_procedure.csproj", "{CD647295-32BE-47CA-A989-338C4DBF94CA}"
EndProject
Project("{9A19103F-16F7-4668-BE54-9A1E7A4F7556}") = "disconnectedMode", "disconnectedMode\disconnectedMode.csproj", "{3D59FA57-88E1-4FC2-AD58-BB4B20332B91}"
EndProject
Project("{9A19103F-16F7-4668-BE54-9A1E7A4F7556}") = "Books with pictures", "Books with pictures\Books with pictures.csproj", "{8326B41B-4822-4E31-8CB7-6B5CA0BB72B9}"
EndProject
Project("{2150E333-8FDC-42A3-9474-1A3956D46DE8}") = "Lesson 4", "Lesson 4", "{A272B250-3A16-4FBE-8BFD-13019AD90770}"
EndProject
Project("{9A19103F-16F7-4668-BE54-9A1E7A4F7556}") = "LINQ", "LINQ\LINQ.csproj", "{3C5988CF-3077-42FC-AFA1-B1F3047A7E6E}"
EndProject
Project("{2150E333-8FDC-42A3-9474-1A3956D46DE8}") = "Lesson 5", "Lesson 5", "{765C15A9-BF61-4AFF-9260-D087DA7A6507}"
EndProject
Project("{9A19103F-16F7-4668-BE54-9A1E7A4F7556}") = "Entity_start", "Entity_start\Entity_start.csproj", "{9AD01A92-4FBB-4D5B-804E-BC91CEDCBF85}"
EndProject
Project("{2150E333-8FDC-42A3-9474-1A3956D46DE8}") = "Lesson 6", "Lesson 6", "{9F60002A-B34E-48A7-BC9B-EF6D7B7F517D}"
EndProject
Project("{9A19103F-16F7-4668-BE54-9A1E7A4F7556}") = "DB first", "DB first\DB first.csproj", "{40CC2B3D-615C-4498-BC93-CD0913CEDC0E}"
EndProject
Project("{9A19103F-16F7-4668-BE54-9A1E7A4F7556}") = "DatabBase First", "DatabBase First\DatabBase First.csproj", "{F142D46D-12DC-4D37-ADAD-27C20C9B17E1}"
EndProject
Project("{2150E333-8FDC-42A3-9474-1A3956D46DE8}") = "Lesson 7", "Lesson 7", "{74607A08-461F-43B7-AF70-2088E8FF2990}"
EndProject
Project("{9A19103F-16F7-4668-BE54-9A1E7A4F7556}") = "EF Relations_One_to_One", "EF Relations_One_to_One\EF Relations_One_to_One.csproj", "{B553DBC1-2566-424D-AF19-B465AD9D9EC2}"
EndProject
Project("{9A19103F-16F7-4668-BE54-9A1E7A4F7556}") = "EF Relations_One_to_Many", "EF Relations_One_to_Many\EF Relations_One_to_Many.csproj", "{E723B101-B600-4BDC-94CD-F9756D12AC54}"
EndProject
Project("{9A19103F-16F7-4668-BE54-9A1E7A4F7556}") = "Ef Relations_Many_to_Many", "Ef Relations_Many_to_Many\Ef Relations_Many_to_Many.csproj", "{8149425E-39E8-481A-9524-C39768CCC950}"
EndProject
Project("{2150E333-8FDC-42A3-9474-1A3956D46DE8}") = "Lesson 8", "Lesson 8", "{B44D139A-CB52-4D19-9A63-CE75F65D0C03}"
EndProject
Project("{9A19103F-16F7-4668-BE54-9A1E7A4F7556}") = "EF Core Loadings", "EF Core Loadings\EF Core Loadings.csproj", "{F8ED8009-E2E4-4268-B312-42D14AB4A897}"
EndProject
Project("{9A19103F-16F7-4668-BE54-9A1E7A4F7556}") = "EF Lazy Loading", "EF Lazy Loading\EF Lazy Loading.csproj", "{0DBFE8EE-4635-41F8-AE65-0B72E3430177}"
EndProject
Project("{9A19103F-16F7-4668-BE54-9A1E7A4F7556}") = "EF Core Migrations", "EF Core Migrations\EF Core Migrations.csproj", "{F97750A3-2079-42AA-B4D8-F98C8DA0621E}"
EndProject
Project("{9A19103F-16F7-4668-BE54-9A1E7A4F7556}") = "Data_Types", "Data_Types\Data_Types.csproj", "{662F5D46-B7F5-4E6D-9423-450DEB265F92}"
EndProject
Project("{2150E333-8FDC-42A3-9474-1A3956D46DE8}") = "Lesson 9", "Lesson 9", "{55863646-44AB-467C-85B3-DDD9E3205EBB}"
EndProject
Project("{9A19103F-16F7-4668-BE54-9A1E7A4F7556}") = "FluentAPI_DataAnnotation", "FluentAPI_DataAnnotation\FluentAPI_DataAnnotation.csproj", "{A6018EC2-AA5A-4A30-A303-722CB6290416}"
EndProject
Project("{2150E333-8FDC-42A3-9474-1A3956D46DE8}") = "Lesson 11", "Lesson 11", "{77628581-7948-49E6-B631-A8783CF6D62A}"
EndProject
Project("{9A19103F-16F7-4668-BE54-9A1E7A4F7556}") = "Dapper_ORM", "Dapper_ORM\Dapper_ORM.csproj", "{9156FBC8-29B4-4FAA-97D5-F3BD73CDD03E}"
EndProject
Project("{2150E333-8FDC-42A3-9474-1A3956D46DE8}") = "Lesson 12", "Lesson 12", "{AEFD4B08-CDA5-4F43-90C8-F9C9B8FF0BE4}"
EndProject
Project("{9A19103F-16F7-4668-BE54-9A1E7A4F7556}") = "Dapper relationship", "Dapper relationship\Dapper relationship.csproj", "{430248BC-118E-4AE8-B639-972DA1FA53A7}"
EndProject
Project("{2150E333-8FDC-42A3-9474-1A3956D46DE8}") = "System programming", "System programming", "{7744FBF8-69AC-480C-AC51-90C9609C3A89}"
EndProject
Project("{2150E333-8FDC-42A3-9474-1A3956D46DE8}") = "01. Processes", "01. Processes", "{79627AFF-B44F-463D-839F-D3B162890CA3}"
EndProject
Project("{9A19103F-16F7-4668-BE54-9A1E7A4F7556}") = "Processes", "Processes\Processes.csproj", "{1155A059-C7D1-4929-8784-E62FDCA7F091}"
EndProject
Project("{2150E333-8FDC-42A3-9474-1A3956D46DE8}") = "02. AppDomain_LoadContext_Thread", "02. AppDomain_LoadContext_Thread", "{B95911ED-ADED-4337-A44F-0BC75D5328FD}"
EndProject
Project("{FAE04EC0-301F-11D3-BF4B-00C04F79EFBC}") = "AppDomain_", "AppDomain_\AppDomain_.csproj", "{5511EBE1-C838-4B98-A6C5-1C6DB3B7F890}"
EndProject
Project("{9A19103F-16F7-4668-BE54-9A1E7A4F7556}") = "LoadContext_", "LoadContext_\LoadContext_.csproj", "{A6F9838E-47EE-4B62-8188-9917D841734F}"
EndProject
Project("{9A19103F-16F7-4668-BE54-9A1E7A4F7556}") = "ThirdParty", "ThirdParty\ThirdParty.csproj", "{B4FC6034-EFF6-44CC-8D76-B63DBC8C50DB}"
EndProject
Project("{FAE04EC0-301F-11D3-BF4B-00C04F79EFBC}") = "Thread_", "Thread_\Thread_.csproj", "{D05C36E3-79C5-4DA6-9701-290B65F68679}"
EndProject
Global
	GlobalSection(SolutionConfigurationPlatforms) = preSolution
		Debug|Any CPU = Debug|Any CPU
		Release|Any CPU = Release|Any CPU
	EndGlobalSection
	GlobalSection(ProjectConfigurationPlatforms) = postSolution
		{818E9F8F-5394-4566-A839-AFC7A64BCBEF}.Debug|Any CPU.ActiveCfg = Debug|Any CPU
		{818E9F8F-5394-4566-A839-AFC7A64BCBEF}.Debug|Any CPU.Build.0 = Debug|Any CPU
		{818E9F8F-5394-4566-A839-AFC7A64BCBEF}.Release|Any CPU.ActiveCfg = Release|Any CPU
		{818E9F8F-5394-4566-A839-AFC7A64BCBEF}.Release|Any CPU.Build.0 = Release|Any CPU
		{B5A9F6D6-48A6-46F1-85A3-E316BB6F87FE}.Debug|Any CPU.ActiveCfg = Debug|Any CPU
		{B5A9F6D6-48A6-46F1-85A3-E316BB6F87FE}.Debug|Any CPU.Build.0 = Debug|Any CPU
		{B5A9F6D6-48A6-46F1-85A3-E316BB6F87FE}.Release|Any CPU.ActiveCfg = Release|Any CPU
		{B5A9F6D6-48A6-46F1-85A3-E316BB6F87FE}.Release|Any CPU.Build.0 = Release|Any CPU
		{3ED9230E-79E8-479C-A39A-CECC78533B8F}.Debug|Any CPU.ActiveCfg = Debug|Any CPU
		{3ED9230E-79E8-479C-A39A-CECC78533B8F}.Debug|Any CPU.Build.0 = Debug|Any CPU
		{3ED9230E-79E8-479C-A39A-CECC78533B8F}.Release|Any CPU.ActiveCfg = Release|Any CPU
		{3ED9230E-79E8-479C-A39A-CECC78533B8F}.Release|Any CPU.Build.0 = Release|Any CPU
		{D12D1F7C-4673-4430-A685-90FC785BF370}.Debug|Any CPU.ActiveCfg = Debug|Any CPU
		{D12D1F7C-4673-4430-A685-90FC785BF370}.Debug|Any CPU.Build.0 = Debug|Any CPU
		{D12D1F7C-4673-4430-A685-90FC785BF370}.Release|Any CPU.ActiveCfg = Release|Any CPU
		{D12D1F7C-4673-4430-A685-90FC785BF370}.Release|Any CPU.Build.0 = Release|Any CPU
		{7305EB84-727C-4CAE-BFD8-ED49FA1B8F10}.Debug|Any CPU.ActiveCfg = Debug|Any CPU
		{7305EB84-727C-4CAE-BFD8-ED49FA1B8F10}.Debug|Any CPU.Build.0 = Debug|Any CPU
		{7305EB84-727C-4CAE-BFD8-ED49FA1B8F10}.Release|Any CPU.ActiveCfg = Release|Any CPU
		{7305EB84-727C-4CAE-BFD8-ED49FA1B8F10}.Release|Any CPU.Build.0 = Release|Any CPU
		{CD647295-32BE-47CA-A989-338C4DBF94CA}.Debug|Any CPU.ActiveCfg = Debug|Any CPU
		{CD647295-32BE-47CA-A989-338C4DBF94CA}.Debug|Any CPU.Build.0 = Debug|Any CPU
		{CD647295-32BE-47CA-A989-338C4DBF94CA}.Release|Any CPU.ActiveCfg = Release|Any CPU
		{CD647295-32BE-47CA-A989-338C4DBF94CA}.Release|Any CPU.Build.0 = Release|Any CPU
		{3D59FA57-88E1-4FC2-AD58-BB4B20332B91}.Debug|Any CPU.ActiveCfg = Debug|Any CPU
		{3D59FA57-88E1-4FC2-AD58-BB4B20332B91}.Debug|Any CPU.Build.0 = Debug|Any CPU
		{3D59FA57-88E1-4FC2-AD58-BB4B20332B91}.Release|Any CPU.ActiveCfg = Release|Any CPU
		{3D59FA57-88E1-4FC2-AD58-BB4B20332B91}.Release|Any CPU.Build.0 = Release|Any CPU
		{8326B41B-4822-4E31-8CB7-6B5CA0BB72B9}.Debug|Any CPU.ActiveCfg = Debug|Any CPU
		{8326B41B-4822-4E31-8CB7-6B5CA0BB72B9}.Debug|Any CPU.Build.0 = Debug|Any CPU
		{8326B41B-4822-4E31-8CB7-6B5CA0BB72B9}.Release|Any CPU.ActiveCfg = Release|Any CPU
		{8326B41B-4822-4E31-8CB7-6B5CA0BB72B9}.Release|Any CPU.Build.0 = Release|Any CPU
		{3C5988CF-3077-42FC-AFA1-B1F3047A7E6E}.Debug|Any CPU.ActiveCfg = Debug|Any CPU
		{3C5988CF-3077-42FC-AFA1-B1F3047A7E6E}.Debug|Any CPU.Build.0 = Debug|Any CPU
		{3C5988CF-3077-42FC-AFA1-B1F3047A7E6E}.Release|Any CPU.ActiveCfg = Release|Any CPU
		{3C5988CF-3077-42FC-AFA1-B1F3047A7E6E}.Release|Any CPU.Build.0 = Release|Any CPU
		{9AD01A92-4FBB-4D5B-804E-BC91CEDCBF85}.Debug|Any CPU.ActiveCfg = Debug|Any CPU
		{9AD01A92-4FBB-4D5B-804E-BC91CEDCBF85}.Debug|Any CPU.Build.0 = Debug|Any CPU
		{9AD01A92-4FBB-4D5B-804E-BC91CEDCBF85}.Release|Any CPU.ActiveCfg = Release|Any CPU
		{9AD01A92-4FBB-4D5B-804E-BC91CEDCBF85}.Release|Any CPU.Build.0 = Release|Any CPU
		{40CC2B3D-615C-4498-BC93-CD0913CEDC0E}.Debug|Any CPU.ActiveCfg = Debug|Any CPU
		{40CC2B3D-615C-4498-BC93-CD0913CEDC0E}.Debug|Any CPU.Build.0 = Debug|Any CPU
		{40CC2B3D-615C-4498-BC93-CD0913CEDC0E}.Release|Any CPU.ActiveCfg = Release|Any CPU
		{40CC2B3D-615C-4498-BC93-CD0913CEDC0E}.Release|Any CPU.Build.0 = Release|Any CPU
		{F142D46D-12DC-4D37-ADAD-27C20C9B17E1}.Debug|Any CPU.ActiveCfg = Debug|Any CPU
		{F142D46D-12DC-4D37-ADAD-27C20C9B17E1}.Debug|Any CPU.Build.0 = Debug|Any CPU
		{F142D46D-12DC-4D37-ADAD-27C20C9B17E1}.Release|Any CPU.ActiveCfg = Release|Any CPU
		{F142D46D-12DC-4D37-ADAD-27C20C9B17E1}.Release|Any CPU.Build.0 = Release|Any CPU
		{B553DBC1-2566-424D-AF19-B465AD9D9EC2}.Debug|Any CPU.ActiveCfg = Debug|Any CPU
		{B553DBC1-2566-424D-AF19-B465AD9D9EC2}.Debug|Any CPU.Build.0 = Debug|Any CPU
		{B553DBC1-2566-424D-AF19-B465AD9D9EC2}.Release|Any CPU.ActiveCfg = Release|Any CPU
		{B553DBC1-2566-424D-AF19-B465AD9D9EC2}.Release|Any CPU.Build.0 = Release|Any CPU
		{E723B101-B600-4BDC-94CD-F9756D12AC54}.Debug|Any CPU.ActiveCfg = Debug|Any CPU
		{E723B101-B600-4BDC-94CD-F9756D12AC54}.Debug|Any CPU.Build.0 = Debug|Any CPU
		{E723B101-B600-4BDC-94CD-F9756D12AC54}.Release|Any CPU.ActiveCfg = Release|Any CPU
		{E723B101-B600-4BDC-94CD-F9756D12AC54}.Release|Any CPU.Build.0 = Release|Any CPU
		{8149425E-39E8-481A-9524-C39768CCC950}.Debug|Any CPU.ActiveCfg = Debug|Any CPU
		{8149425E-39E8-481A-9524-C39768CCC950}.Debug|Any CPU.Build.0 = Debug|Any CPU
		{8149425E-39E8-481A-9524-C39768CCC950}.Release|Any CPU.ActiveCfg = Release|Any CPU
		{8149425E-39E8-481A-9524-C39768CCC950}.Release|Any CPU.Build.0 = Release|Any CPU
		{F8ED8009-E2E4-4268-B312-42D14AB4A897}.Debug|Any CPU.ActiveCfg = Debug|Any CPU
		{F8ED8009-E2E4-4268-B312-42D14AB4A897}.Debug|Any CPU.Build.0 = Debug|Any CPU
		{F8ED8009-E2E4-4268-B312-42D14AB4A897}.Release|Any CPU.ActiveCfg = Release|Any CPU
		{F8ED8009-E2E4-4268-B312-42D14AB4A897}.Release|Any CPU.Build.0 = Release|Any CPU
		{0DBFE8EE-4635-41F8-AE65-0B72E3430177}.Debug|Any CPU.ActiveCfg = Debug|Any CPU
		{0DBFE8EE-4635-41F8-AE65-0B72E3430177}.Debug|Any CPU.Build.0 = Debug|Any CPU
		{0DBFE8EE-4635-41F8-AE65-0B72E3430177}.Release|Any CPU.ActiveCfg = Release|Any CPU
		{0DBFE8EE-4635-41F8-AE65-0B72E3430177}.Release|Any CPU.Build.0 = Release|Any CPU
		{F97750A3-2079-42AA-B4D8-F98C8DA0621E}.Debug|Any CPU.ActiveCfg = Debug|Any CPU
		{F97750A3-2079-42AA-B4D8-F98C8DA0621E}.Debug|Any CPU.Build.0 = Debug|Any CPU
		{F97750A3-2079-42AA-B4D8-F98C8DA0621E}.Release|Any CPU.ActiveCfg = Release|Any CPU
		{F97750A3-2079-42AA-B4D8-F98C8DA0621E}.Release|Any CPU.Build.0 = Release|Any CPU
		{662F5D46-B7F5-4E6D-9423-450DEB265F92}.Debug|Any CPU.ActiveCfg = Debug|Any CPU
		{662F5D46-B7F5-4E6D-9423-450DEB265F92}.Debug|Any CPU.Build.0 = Debug|Any CPU
		{662F5D46-B7F5-4E6D-9423-450DEB265F92}.Release|Any CPU.ActiveCfg = Release|Any CPU
		{662F5D46-B7F5-4E6D-9423-450DEB265F92}.Release|Any CPU.Build.0 = Release|Any CPU
		{A6018EC2-AA5A-4A30-A303-722CB6290416}.Debug|Any CPU.ActiveCfg = Debug|Any CPU
		{A6018EC2-AA5A-4A30-A303-722CB6290416}.Debug|Any CPU.Build.0 = Debug|Any CPU
		{A6018EC2-AA5A-4A30-A303-722CB6290416}.Release|Any CPU.ActiveCfg = Release|Any CPU
		{A6018EC2-AA5A-4A30-A303-722CB6290416}.Release|Any CPU.Build.0 = Release|Any CPU
		{9156FBC8-29B4-4FAA-97D5-F3BD73CDD03E}.Debug|Any CPU.ActiveCfg = Debug|Any CPU
		{9156FBC8-29B4-4FAA-97D5-F3BD73CDD03E}.Debug|Any CPU.Build.0 = Debug|Any CPU
		{9156FBC8-29B4-4FAA-97D5-F3BD73CDD03E}.Release|Any CPU.ActiveCfg = Release|Any CPU
		{9156FBC8-29B4-4FAA-97D5-F3BD73CDD03E}.Release|Any CPU.Build.0 = Release|Any CPU
		{430248BC-118E-4AE8-B639-972DA1FA53A7}.Debug|Any CPU.ActiveCfg = Debug|Any CPU
		{430248BC-118E-4AE8-B639-972DA1FA53A7}.Debug|Any CPU.Build.0 = Debug|Any CPU
		{430248BC-118E-4AE8-B639-972DA1FA53A7}.Release|Any CPU.ActiveCfg = Release|Any CPU
		{430248BC-118E-4AE8-B639-972DA1FA53A7}.Release|Any CPU.Build.0 = Release|Any CPU
		{1155A059-C7D1-4929-8784-E62FDCA7F091}.Debug|Any CPU.ActiveCfg = Debug|Any CPU
		{1155A059-C7D1-4929-8784-E62FDCA7F091}.Debug|Any CPU.Build.0 = Debug|Any CPU
		{1155A059-C7D1-4929-8784-E62FDCA7F091}.Release|Any CPU.ActiveCfg = Release|Any CPU
		{1155A059-C7D1-4929-8784-E62FDCA7F091}.Release|Any CPU.Build.0 = Release|Any CPU
		{5511EBE1-C838-4B98-A6C5-1C6DB3B7F890}.Debug|Any CPU.ActiveCfg = Debug|Any CPU
		{5511EBE1-C838-4B98-A6C5-1C6DB3B7F890}.Debug|Any CPU.Build.0 = Debug|Any CPU
		{5511EBE1-C838-4B98-A6C5-1C6DB3B7F890}.Release|Any CPU.ActiveCfg = Release|Any CPU
		{5511EBE1-C838-4B98-A6C5-1C6DB3B7F890}.Release|Any CPU.Build.0 = Release|Any CPU
		{A6F9838E-47EE-4B62-8188-9917D841734F}.Debug|Any CPU.ActiveCfg = Debug|Any CPU
		{A6F9838E-47EE-4B62-8188-9917D841734F}.Debug|Any CPU.Build.0 = Debug|Any CPU
		{A6F9838E-47EE-4B62-8188-9917D841734F}.Release|Any CPU.ActiveCfg = Release|Any CPU
		{A6F9838E-47EE-4B62-8188-9917D841734F}.Release|Any CPU.Build.0 = Release|Any CPU
		{B4FC6034-EFF6-44CC-8D76-B63DBC8C50DB}.Debug|Any CPU.ActiveCfg = Debug|Any CPU
		{B4FC6034-EFF6-44CC-8D76-B63DBC8C50DB}.Debug|Any CPU.Build.0 = Debug|Any CPU
		{B4FC6034-EFF6-44CC-8D76-B63DBC8C50DB}.Release|Any CPU.ActiveCfg = Release|Any CPU
		{B4FC6034-EFF6-44CC-8D76-B63DBC8C50DB}.Release|Any CPU.Build.0 = Release|Any CPU
		{D05C36E3-79C5-4DA6-9701-290B65F68679}.Debug|Any CPU.ActiveCfg = Debug|Any CPU
		{D05C36E3-79C5-4DA6-9701-290B65F68679}.Debug|Any CPU.Build.0 = Debug|Any CPU
		{D05C36E3-79C5-4DA6-9701-290B65F68679}.Release|Any CPU.ActiveCfg = Release|Any CPU
		{D05C36E3-79C5-4DA6-9701-290B65F68679}.Release|Any CPU.Build.0 = Release|Any CPU
	EndGlobalSection
	GlobalSection(SolutionProperties) = preSolution
		HideSolutionNode = FALSE
	EndGlobalSection
	GlobalSection(NestedProjects) = preSolution
		{818E9F8F-5394-4566-A839-AFC7A64BCBEF} = {5559B232-DA00-4651-9D86-65DDD56B5226}
		{5559B232-DA00-4651-9D86-65DDD56B5226} = {526E77D4-54BC-4AAF-B4D0-0C0F7EA22B0C}
		{B5A9F6D6-48A6-46F1-85A3-E316BB6F87FE} = {5559B232-DA00-4651-9D86-65DDD56B5226}
		{BF57C258-7F50-4660-A247-9F34CEDAE0AF} = {526E77D4-54BC-4AAF-B4D0-0C0F7EA22B0C}
		{3ED9230E-79E8-479C-A39A-CECC78533B8F} = {BF57C258-7F50-4660-A247-9F34CEDAE0AF}
		{D12D1F7C-4673-4430-A685-90FC785BF370} = {BF57C258-7F50-4660-A247-9F34CEDAE0AF}
		{7305EB84-727C-4CAE-BFD8-ED49FA1B8F10} = {BF57C258-7F50-4660-A247-9F34CEDAE0AF}
		{5A472C79-9CCD-4370-B730-BB9DDA6BDCED} = {526E77D4-54BC-4AAF-B4D0-0C0F7EA22B0C}
		{CD647295-32BE-47CA-A989-338C4DBF94CA} = {5A472C79-9CCD-4370-B730-BB9DDA6BDCED}
		{3D59FA57-88E1-4FC2-AD58-BB4B20332B91} = {5A472C79-9CCD-4370-B730-BB9DDA6BDCED}
		{8326B41B-4822-4E31-8CB7-6B5CA0BB72B9} = {5A472C79-9CCD-4370-B730-BB9DDA6BDCED}
		{A272B250-3A16-4FBE-8BFD-13019AD90770} = {526E77D4-54BC-4AAF-B4D0-0C0F7EA22B0C}
		{3C5988CF-3077-42FC-AFA1-B1F3047A7E6E} = {A272B250-3A16-4FBE-8BFD-13019AD90770}
		{765C15A9-BF61-4AFF-9260-D087DA7A6507} = {526E77D4-54BC-4AAF-B4D0-0C0F7EA22B0C}
		{9AD01A92-4FBB-4D5B-804E-BC91CEDCBF85} = {765C15A9-BF61-4AFF-9260-D087DA7A6507}
		{9F60002A-B34E-48A7-BC9B-EF6D7B7F517D} = {526E77D4-54BC-4AAF-B4D0-0C0F7EA22B0C}
		{40CC2B3D-615C-4498-BC93-CD0913CEDC0E} = {9F60002A-B34E-48A7-BC9B-EF6D7B7F517D}
		{F142D46D-12DC-4D37-ADAD-27C20C9B17E1} = {9F60002A-B34E-48A7-BC9B-EF6D7B7F517D}
		{74607A08-461F-43B7-AF70-2088E8FF2990} = {526E77D4-54BC-4AAF-B4D0-0C0F7EA22B0C}
		{B553DBC1-2566-424D-AF19-B465AD9D9EC2} = {74607A08-461F-43B7-AF70-2088E8FF2990}
		{E723B101-B600-4BDC-94CD-F9756D12AC54} = {74607A08-461F-43B7-AF70-2088E8FF2990}
		{8149425E-39E8-481A-9524-C39768CCC950} = {74607A08-461F-43B7-AF70-2088E8FF2990}
		{B44D139A-CB52-4D19-9A63-CE75F65D0C03} = {526E77D4-54BC-4AAF-B4D0-0C0F7EA22B0C}
		{F8ED8009-E2E4-4268-B312-42D14AB4A897} = {B44D139A-CB52-4D19-9A63-CE75F65D0C03}
		{0DBFE8EE-4635-41F8-AE65-0B72E3430177} = {B44D139A-CB52-4D19-9A63-CE75F65D0C03}
		{F97750A3-2079-42AA-B4D8-F98C8DA0621E} = {526E77D4-54BC-4AAF-B4D0-0C0F7EA22B0C}
		{662F5D46-B7F5-4E6D-9423-450DEB265F92} = {B44D139A-CB52-4D19-9A63-CE75F65D0C03}
		{55863646-44AB-467C-85B3-DDD9E3205EBB} = {526E77D4-54BC-4AAF-B4D0-0C0F7EA22B0C}
		{A6018EC2-AA5A-4A30-A303-722CB6290416} = {55863646-44AB-467C-85B3-DDD9E3205EBB}
		{77628581-7948-49E6-B631-A8783CF6D62A} = {526E77D4-54BC-4AAF-B4D0-0C0F7EA22B0C}
		{9156FBC8-29B4-4FAA-97D5-F3BD73CDD03E} = {77628581-7948-49E6-B631-A8783CF6D62A}
		{AEFD4B08-CDA5-4F43-90C8-F9C9B8FF0BE4} = {526E77D4-54BC-4AAF-B4D0-0C0F7EA22B0C}
		{430248BC-118E-4AE8-B639-972DA1FA53A7} = {AEFD4B08-CDA5-4F43-90C8-F9C9B8FF0BE4}
		{79627AFF-B44F-463D-839F-D3B162890CA3} = {7744FBF8-69AC-480C-AC51-90C9609C3A89}
		{1155A059-C7D1-4929-8784-E62FDCA7F091} = {79627AFF-B44F-463D-839F-D3B162890CA3}
		{B95911ED-ADED-4337-A44F-0BC75D5328FD} = {7744FBF8-69AC-480C-AC51-90C9609C3A89}
		{5511EBE1-C838-4B98-A6C5-1C6DB3B7F890} = {B95911ED-ADED-4337-A44F-0BC75D5328FD}
		{A6F9838E-47EE-4B62-8188-9917D841734F} = {B95911ED-ADED-4337-A44F-0BC75D5328FD}
		{B4FC6034-EFF6-44CC-8D76-B63DBC8C50DB} = {7744FBF8-69AC-480C-AC51-90C9609C3A89}
		{D05C36E3-79C5-4DA6-9701-290B65F68679} = {7744FBF8-69AC-480C-AC51-90C9609C3A89}
	EndGlobalSection
	GlobalSection(ExtensibilityGlobals) = postSolution
		SolutionGuid = {629C69F9-BA71-4C94-B95A-C8B6A1873223}
	EndGlobalSection
EndGlobal
